
Microsoft Visual Studio Solution File, Format Version 12.00
# Visual Studio 15
VisualStudioVersion = 15.0.28307.489
MinimumVisualStudioVersion = 10.0.40219.1
Project("{FAE04EC0-301F-11D3-BF4B-00C04F79EFBC}") = "Stepper", "Stepper\Stepper.csproj", "{F0F14A75-54A8-4EE5-A63C-5E30FD0C311C}"
EndProject
Global
	GlobalSection(SolutionConfigurationPlatforms) = preSolution
		Debug|Any CPU = Debug|Any CPU
		Release|Any CPU = Release|Any CPU
	EndGlobalSection
	GlobalSection(ProjectConfigurationPlatforms) = postSolution
		{F0F14A75-54A8-4EE5-A63C-5E30FD0C311C}.Debug|Any CPU.ActiveCfg = Debug|Any CPU
		{F0F14A75-54A8-4EE5-A63C-5E30FD0C311C}.Debug|Any CPU.Build.0 = Debug|Any CPU
		{F0F14A75-54A8-4EE5-A63C-5E30FD0C311C}.Release|Any CPU.ActiveCfg = Release|Any CPU
		{F0F14A75-54A8-4EE5-A63C-5E30FD0C311C}.Release|Any CPU.Build.0 = Release|Any CPU
	EndGlobalSection
	GlobalSection(SolutionProperties) = preSolution
		HideSolutionNode = FALSE
	EndGlobalSection
	GlobalSection(ExtensibilityGlobals) = postSolution
		SolutionGuid = {516CB6B9-F8F9-432A-9033-2F741B3D07DA}
	EndGlobalSection
EndGlobal
